
Microsoft Visual Studio Solution File, Format Version 12.00
# Visual Studio Version 17
VisualStudioVersion = 17.8.34330.188
MinimumVisualStudioVersion = 10.0.40219.1
Project("{FAE04EC0-301F-11D3-BF4B-00C04F79EFBC}") = "Jan4", "Jan4\Jan4.csproj", "{0CF7F850-D2CA-40AF-9DFD-75B0FAB4FDE2}"
EndProject
Global
	GlobalSection(SolutionConfigurationPlatforms) = preSolution
		Debug|Any CPU = Debug|Any CPU
		Release|Any CPU = Release|Any CPU
	EndGlobalSection
	GlobalSection(ProjectConfigurationPlatforms) = postSolution
		{0CF7F850-D2CA-40AF-9DFD-75B0FAB4FDE2}.Debug|Any CPU.ActiveCfg = Debug|Any CPU
		{0CF7F850-D2CA-40AF-9DFD-75B0FAB4FDE2}.Debug|Any CPU.Build.0 = Debug|Any CPU
		{0CF7F850-D2CA-40AF-9DFD-75B0FAB4FDE2}.Release|Any CPU.ActiveCfg = Release|Any CPU
		{0CF7F850-D2CA-40AF-9DFD-75B0FAB4FDE2}.Release|Any CPU.Build.0 = Release|Any CPU
	EndGlobalSection
	GlobalSection(SolutionProperties) = preSolution
		HideSolutionNode = FALSE
	EndGlobalSection
	GlobalSection(ExtensibilityGlobals) = postSolution
		SolutionGuid = {0528D94D-88DD-485E-8DA4-3F08662BAE7A}
	EndGlobalSection
EndGlobal
